// !$*UTF8*$!
{
	archiveVersion = 1;
	classes = {
	};
	objectVersion = 50;
	objects = {

/* Begin PBXBuildFile section */
		92C307F823278E12008F9979 /* AppDelegate.swift in Sources */ = {isa = PBXBuildFile; fileRef = 92C307F723278E12008F9979 /* AppDelegate.swift */; };
		92C307FA23278E12008F9979 /* ViewController.swift in Sources */ = {isa = PBXBuildFile; fileRef = 92C307F923278E12008F9979 /* ViewController.swift */; };
		92C307FD23278E12008F9979 /* Main.storyboard in Resources */ = {isa = PBXBuildFile; fileRef = 92C307FB23278E12008F9979 /* Main.storyboard */; };
		92C3080023278E12008F9979 /* PushDemo.xcdatamodeld in Sources */ = {isa = PBXBuildFile; fileRef = 92C307FE23278E12008F9979 /* PushDemo.xcdatamodeld */; };
		92C3080223278E12008F9979 /* Assets.xcassets in Resources */ = {isa = PBXBuildFile; fileRef = 92C3080123278E12008F9979 /* Assets.xcassets */; };
		92C3080523278E12008F9979 /* LaunchScreen.storyboard in Resources */ = {isa = PBXBuildFile; fileRef = 92C3080323278E12008F9979 /* LaunchScreen.storyboard */; };
		92C3080F2327CE47008F9979 /* SampleNotificationDelegate.swift in Sources */ = {isa = PBXBuildFile; fileRef = 92C3080E2327CE47008F9979 /* SampleNotificationDelegate.swift */; };
		92C308172327D094008F9979 /* NotificationService.swift in Sources */ = {isa = PBXBuildFile; fileRef = 92C308162327D094008F9979 /* NotificationService.swift */; };
		92C3081B2327D094008F9979 /* Service.appex in Embed App Extensions */ = {isa = PBXBuildFile; fileRef = 92C308142327D093008F9979 /* Service.appex */; settings = {ATTRIBUTES = (RemoveHeadersOnCopy, ); }; };
		92C308272327D0A9008F9979 /* UserNotifications.framework in Frameworks */ = {isa = PBXBuildFile; fileRef = 92C308262327D0A9008F9979 /* UserNotifications.framework */; };
		92C308292327D0A9008F9979 /* UserNotificationsUI.framework in Frameworks */ = {isa = PBXBuildFile; fileRef = 92C308282327D0A9008F9979 /* UserNotificationsUI.framework */; };
		92C3082C2327D0A9008F9979 /* NotificationViewController.swift in Sources */ = {isa = PBXBuildFile; fileRef = 92C3082B2327D0A9008F9979 /* NotificationViewController.swift */; };
		92C3082F2327D0A9008F9979 /* MainInterface.storyboard in Resources */ = {isa = PBXBuildFile; fileRef = 92C3082D2327D0A9008F9979 /* MainInterface.storyboard */; };
		92C308332327D0A9008F9979 /* Content.appex in Embed App Extensions */ = {isa = PBXBuildFile; fileRef = 92C308242327D0A9008F9979 /* Content.appex */; settings = {ATTRIBUTES = (RemoveHeadersOnCopy, ); }; };
/* End PBXBuildFile section */

/* Begin PBXContainerItemProxy section */
		92C308192327D094008F9979 /* PBXContainerItemProxy */ = {
			isa = PBXContainerItemProxy;
			containerPortal = 92C307EC23278E12008F9979 /* Project object */;
			proxyType = 1;
			remoteGlobalIDString = 92C308132327D093008F9979;
			remoteInfo = Service;
		};
		92C308312327D0A9008F9979 /* PBXContainerItemProxy */ = {
			isa = PBXContainerItemProxy;
			containerPortal = 92C307EC23278E12008F9979 /* Project object */;
			proxyType = 1;
			remoteGlobalIDString = 92C308232327D0A9008F9979;
			remoteInfo = Content;
		};
/* End PBXContainerItemProxy section */

/* Begin PBXCopyFilesBuildPhase section */
		92C3081F2327D094008F9979 /* Embed App Extensions */ = {
			isa = PBXCopyFilesBuildPhase;
			buildActionMask = 2147483647;
			dstPath = "";
			dstSubfolderSpec = 13;
			files = (
				92C308332327D0A9008F9979 /* Content.appex in Embed App Extensions */,
				92C3081B2327D094008F9979 /* Service.appex in Embed App Extensions */,
			);
			name = "Embed App Extensions";
			runOnlyForDeploymentPostprocessing = 0;
		};
/* End PBXCopyFilesBuildPhase section */

/* Begin PBXFileReference section */
		92C307F423278E12008F9979 /* PushDemo.app */ = {isa = PBXFileReference; explicitFileType = wrapper.application; includeInIndex = 0; path = PushDemo.app; sourceTree = BUILT_PRODUCTS_DIR; };
		92C307F723278E12008F9979 /* AppDelegate.swift */ = {isa = PBXFileReference; lastKnownFileType = sourcecode.swift; path = AppDelegate.swift; sourceTree = "<group>"; };
		92C307F923278E12008F9979 /* ViewController.swift */ = {isa = PBXFileReference; lastKnownFileType = sourcecode.swift; path = ViewController.swift; sourceTree = "<group>"; };
		92C307FC23278E12008F9979 /* Base */ = {isa = PBXFileReference; lastKnownFileType = file.storyboard; name = Base; path = Base.lproj/Main.storyboard; sourceTree = "<group>"; };
		92C307FF23278E12008F9979 /* PushDemo.xcdatamodel */ = {isa = PBXFileReference; lastKnownFileType = wrapper.xcdatamodel; path = PushDemo.xcdatamodel; sourceTree = "<group>"; };
		92C3080123278E12008F9979 /* Assets.xcassets */ = {isa = PBXFileReference; lastKnownFileType = folder.assetcatalog; path = Assets.xcassets; sourceTree = "<group>"; };
		92C3080423278E12008F9979 /* Base */ = {isa = PBXFileReference; lastKnownFileType = file.storyboard; name = Base; path = Base.lproj/LaunchScreen.storyboard; sourceTree = "<group>"; };
		92C3080623278E12008F9979 /* Info.plist */ = {isa = PBXFileReference; lastKnownFileType = text.plist.xml; path = Info.plist; sourceTree = "<group>"; };
		92C3080C23279412008F9979 /* PushDemo.entitlements */ = {isa = PBXFileReference; lastKnownFileType = text.plist.entitlements; path = PushDemo.entitlements; sourceTree = "<group>"; };
		92C3080E2327CE47008F9979 /* SampleNotificationDelegate.swift */ = {isa = PBXFileReference; lastKnownFileType = sourcecode.swift; path = SampleNotificationDelegate.swift; sourceTree = "<group>"; };
		92C308142327D093008F9979 /* Service.appex */ = {isa = PBXFileReference; explicitFileType = "wrapper.app-extension"; includeInIndex = 0; path = Service.appex; sourceTree = BUILT_PRODUCTS_DIR; };
		92C308162327D094008F9979 /* NotificationService.swift */ = {isa = PBXFileReference; lastKnownFileType = sourcecode.swift; path = NotificationService.swift; sourceTree = "<group>"; };
		92C308182327D094008F9979 /* Info.plist */ = {isa = PBXFileReference; lastKnownFileType = text.plist.xml; path = Info.plist; sourceTree = "<group>"; };
		92C308242327D0A9008F9979 /* Content.appex */ = {isa = PBXFileReference; explicitFileType = "wrapper.app-extension"; includeInIndex = 0; path = Content.appex; sourceTree = BUILT_PRODUCTS_DIR; };
		92C308262327D0A9008F9979 /* UserNotifications.framework */ = {isa = PBXFileReference; lastKnownFileType = wrapper.framework; name = UserNotifications.framework; path = System/Library/Frameworks/UserNotifications.framework; sourceTree = SDKROOT; };
		92C308282327D0A9008F9979 /* UserNotificationsUI.framework */ = {isa = PBXFileReference; lastKnownFileType = wrapper.framework; name = UserNotificationsUI.framework; path = System/Library/Frameworks/UserNotificationsUI.framework; sourceTree = SDKROOT; };
		92C3082B2327D0A9008F9979 /* NotificationViewController.swift */ = {isa = PBXFileReference; lastKnownFileType = sourcecode.swift; path = NotificationViewController.swift; sourceTree = "<group>"; };
		92C3082E2327D0A9008F9979 /* Base */ = {isa = PBXFileReference; lastKnownFileType = file.storyboard; name = Base; path = Base.lproj/MainInterface.storyboard; sourceTree = "<group>"; };
		92C308302327D0A9008F9979 /* Info.plist */ = {isa = PBXFileReference; lastKnownFileType = text.plist.xml; path = Info.plist; sourceTree = "<group>"; };
/* End PBXFileReference section */

/* Begin PBXFrameworksBuildPhase section */
		92C307F123278E12008F9979 /* Frameworks */ = {
			isa = PBXFrameworksBuildPhase;
			buildActionMask = 2147483647;
			files = (
			);
			runOnlyForDeploymentPostprocessing = 0;
		};
		92C308112327D093008F9979 /* Frameworks */ = {
			isa = PBXFrameworksBuildPhase;
			buildActionMask = 2147483647;
			files = (
			);
			runOnlyForDeploymentPostprocessing = 0;
		};
		92C308212327D0A9008F9979 /* Frameworks */ = {
			isa = PBXFrameworksBuildPhase;
			buildActionMask = 2147483647;
			files = (
				92C308292327D0A9008F9979 /* UserNotificationsUI.framework in Frameworks */,
				92C308272327D0A9008F9979 /* UserNotifications.framework in Frameworks */,
			);
			runOnlyForDeploymentPostprocessing = 0;
		};
/* End PBXFrameworksBuildPhase section */

/* Begin PBXGroup section */
		92C307EB23278E12008F9979 = {
			isa = PBXGroup;
			children = (
				92C307F623278E12008F9979 /* PushDemo */,
				92C308152327D094008F9979 /* Service */,
				92C3082A2327D0A9008F9979 /* Content */,
				92C308252327D0A9008F9979 /* Frameworks */,
				92C307F523278E12008F9979 /* Products */,
			);
			sourceTree = "<group>";
		};
		92C307F523278E12008F9979 /* Products */ = {
			isa = PBXGroup;
			children = (
				92C307F423278E12008F9979 /* PushDemo.app */,
				92C308142327D093008F9979 /* Service.appex */,
				92C308242327D0A9008F9979 /* Content.appex */,
			);
			name = Products;
			sourceTree = "<group>";
		};
		92C307F623278E12008F9979 /* PushDemo */ = {
			isa = PBXGroup;
			children = (
				92C3080C23279412008F9979 /* PushDemo.entitlements */,
				92C307F723278E12008F9979 /* AppDelegate.swift */,
				92C307F923278E12008F9979 /* ViewController.swift */,
				92C307FB23278E12008F9979 /* Main.storyboard */,
				92C3080123278E12008F9979 /* Assets.xcassets */,
				92C3080323278E12008F9979 /* LaunchScreen.storyboard */,
				92C3080623278E12008F9979 /* Info.plist */,
				92C307FE23278E12008F9979 /* PushDemo.xcdatamodeld */,
				92C3080E2327CE47008F9979 /* SampleNotificationDelegate.swift */,
			);
			path = PushDemo;
			sourceTree = "<group>";
		};
		92C308152327D094008F9979 /* Service */ = {
			isa = PBXGroup;
			children = (
				92C308162327D094008F9979 /* NotificationService.swift */,
				92C308182327D094008F9979 /* Info.plist */,
			);
			path = Service;
			sourceTree = "<group>";
		};
		92C308252327D0A9008F9979 /* Frameworks */ = {
			isa = PBXGroup;
			children = (
				92C308262327D0A9008F9979 /* UserNotifications.framework */,
				92C308282327D0A9008F9979 /* UserNotificationsUI.framework */,
			);
			name = Frameworks;
			sourceTree = "<group>";
		};
		92C3082A2327D0A9008F9979 /* Content */ = {
			isa = PBXGroup;
			children = (
				92C3082B2327D0A9008F9979 /* NotificationViewController.swift */,
				92C3082D2327D0A9008F9979 /* MainInterface.storyboard */,
				92C308302327D0A9008F9979 /* Info.plist */,
			);
			path = Content;
			sourceTree = "<group>";
		};
/* End PBXGroup section */

/* Begin PBXNativeTarget section */
		92C307F323278E12008F9979 /* PushDemo */ = {
			isa = PBXNativeTarget;
			buildConfigurationList = 92C3080923278E12008F9979 /* Build configuration list for PBXNativeTarget "PushDemo" */;
			buildPhases = (
				92C307F023278E12008F9979 /* Sources */,
				92C307F123278E12008F9979 /* Frameworks */,
				92C307F223278E12008F9979 /* Resources */,
				92C3081F2327D094008F9979 /* Embed App Extensions */,
			);
			buildRules = (
			);
			dependencies = (
				92C3081A2327D094008F9979 /* PBXTargetDependency */,
				92C308322327D0A9008F9979 /* PBXTargetDependency */,
			);
			name = PushDemo;
			productName = PushDemo;
			productReference = 92C307F423278E12008F9979 /* PushDemo.app */;
			productType = "com.apple.product-type.application";
		};
		92C308132327D093008F9979 /* Service */ = {
			isa = PBXNativeTarget;
			buildConfigurationList = 92C3081C2327D094008F9979 /* Build configuration list for PBXNativeTarget "Service" */;
			buildPhases = (
				92C308102327D093008F9979 /* Sources */,
				92C308112327D093008F9979 /* Frameworks */,
				92C308122327D093008F9979 /* Resources */,
			);
			buildRules = (
			);
			dependencies = (
			);
			name = Service;
			productName = Service;
			productReference = 92C308142327D093008F9979 /* Service.appex */;
			productType = "com.apple.product-type.app-extension";
		};
		92C308232327D0A9008F9979 /* Content */ = {
			isa = PBXNativeTarget;
			buildConfigurationList = 92C308342327D0A9008F9979 /* Build configuration list for PBXNativeTarget "Content" */;
			buildPhases = (
				92C308202327D0A9008F9979 /* Sources */,
				92C308212327D0A9008F9979 /* Frameworks */,
				92C308222327D0A9008F9979 /* Resources */,
			);
			buildRules = (
			);
			dependencies = (
			);
			name = Content;
			productName = Content;
			productReference = 92C308242327D0A9008F9979 /* Content.appex */;
			productType = "com.apple.product-type.app-extension";
		};
/* End PBXNativeTarget section */

/* Begin PBXProject section */
		92C307EC23278E12008F9979 /* Project object */ = {
			isa = PBXProject;
			attributes = {
				LastSwiftUpdateCheck = 1020;
				LastUpgradeCheck = 1020;
				ORGANIZATIONNAME = Sanjay.Chaurasia;
				TargetAttributes = {
					92C307F323278E12008F9979 = {
						CreatedOnToolsVersion = 10.2.1;
						SystemCapabilities = {
							com.apple.BackgroundModes = {
								enabled = 1;
							};
							com.apple.Push = {
								enabled = 1;
							};
						};
					};
					92C308132327D093008F9979 = {
						CreatedOnToolsVersion = 10.2.1;
					};
					92C308232327D0A9008F9979 = {
						CreatedOnToolsVersion = 10.2.1;
					};
				};
			};
			buildConfigurationList = 92C307EF23278E12008F9979 /* Build configuration list for PBXProject "PushDemo" */;
			compatibilityVersion = "Xcode 9.3";
			developmentRegion = en;
			hasScannedForEncodings = 0;
			knownRegions = (
				en,
				Base,
			);
			mainGroup = 92C307EB23278E12008F9979;
			productRefGroup = 92C307F523278E12008F9979 /* Products */;
			projectDirPath = "";
			projectRoot = "";
			targets = (
				92C307F323278E12008F9979 /* PushDemo */,
				92C308132327D093008F9979 /* Service */,
				92C308232327D0A9008F9979 /* Content */,
			);
		};
/* End PBXProject section */

/* Begin PBXResourcesBuildPhase section */
		92C307F223278E12008F9979 /* Resources */ = {
			isa = PBXResourcesBuildPhase;
			buildActionMask = 2147483647;
			files = (
				92C3080523278E12008F9979 /* LaunchScreen.storyboard in Resources */,
				92C3080223278E12008F9979 /* Assets.xcassets in Resources */,
				92C307FD23278E12008F9979 /* Main.storyboard in Resources */,
			);
			runOnlyForDeploymentPostprocessing = 0;
		};
		92C308122327D093008F9979 /* Resources */ = {
			isa = PBXResourcesBuildPhase;
			buildActionMask = 2147483647;
			files = (
			);
			runOnlyForDeploymentPostprocessing = 0;
		};
		92C308222327D0A9008F9979 /* Resources */ = {
			isa = PBXResourcesBuildPhase;
			buildActionMask = 2147483647;
			files = (
				92C3082F2327D0A9008F9979 /* MainInterface.storyboard in Resources */,
			);
			runOnlyForDeploymentPostprocessing = 0;
		};
/* End PBXResourcesBuildPhase section */

/* Begin PBXSourcesBuildPhase section */
		92C307F023278E12008F9979 /* Sources */ = {
			isa = PBXSourcesBuildPhase;
			buildActionMask = 2147483647;
			files = (
				92C307FA23278E12008F9979 /* ViewController.swift in Sources */,
				92C3080023278E12008F9979 /* PushDemo.xcdatamodeld in Sources */,
				92C3080F2327CE47008F9979 /* SampleNotificationDelegate.swift in Sources */,
				92C307F823278E12008F9979 /* AppDelegate.swift in Sources */,
			);
			runOnlyForDeploymentPostprocessing = 0;
		};
		92C308102327D093008F9979 /* Sources */ = {
			isa = PBXSourcesBuildPhase;
			buildActionMask = 2147483647;
			files = (
				92C308172327D094008F9979 /* NotificationService.swift in Sources */,
			);
			runOnlyForDeploymentPostprocessing = 0;
		};
		92C308202327D0A9008F9979 /* Sources */ = {
			isa = PBXSourcesBuildPhase;
			buildActionMask = 2147483647;
			files = (
				92C3082C2327D0A9008F9979 /* NotificationViewController.swift in Sources */,
			);
			runOnlyForDeploymentPostprocessing = 0;
		};
/* End PBXSourcesBuildPhase section */

/* Begin PBXTargetDependency section */
		92C3081A2327D094008F9979 /* PBXTargetDependency */ = {
			isa = PBXTargetDependency;
			target = 92C308132327D093008F9979 /* Service */;
			targetProxy = 92C308192327D094008F9979 /* PBXContainerItemProxy */;
		};
		92C308322327D0A9008F9979 /* PBXTargetDependency */ = {
			isa = PBXTargetDependency;
			target = 92C308232327D0A9008F9979 /* Content */;
			targetProxy = 92C308312327D0A9008F9979 /* PBXContainerItemProxy */;
		};
/* End PBXTargetDependency section */

/* Begin PBXVariantGroup section */
		92C307FB23278E12008F9979 /* Main.storyboard */ = {
			isa = PBXVariantGroup;
			children = (
				92C307FC23278E12008F9979 /* Base */,
			);
			name = Main.storyboard;
			sourceTree = "<group>";
		};
		92C3080323278E12008F9979 /* LaunchScreen.storyboard */ = {
			isa = PBXVariantGroup;
			children = (
				92C3080423278E12008F9979 /* Base */,
			);
			name = LaunchScreen.storyboard;
			sourceTree = "<group>";
		};
		92C3082D2327D0A9008F9979 /* MainInterface.storyboard */ = {
			isa = PBXVariantGroup;
			children = (
				92C3082E2327D0A9008F9979 /* Base */,
			);
			name = MainInterface.storyboard;
			sourceTree = "<group>";
		};
/* End PBXVariantGroup section */

/* Begin XCBuildConfiguration section */
		92C3080723278E12008F9979 /* Debug */ = {
			isa = XCBuildConfiguration;
			buildSettings = {
				ALWAYS_SEARCH_USER_PATHS = NO;
				CLANG_ANALYZER_NONNULL = YES;
				CLANG_ANALYZER_NUMBER_OBJECT_CONVERSION = YES_AGGRESSIVE;
				CLANG_CXX_LANGUAGE_STANDARD = "gnu++14";
				CLANG_CXX_LIBRARY = "libc++";
				CLANG_ENABLE_MODULES = YES;
				CLANG_ENABLE_OBJC_ARC = YES;
				CLANG_ENABLE_OBJC_WEAK = YES;
				CLANG_WARN_BLOCK_CAPTURE_AUTORELEASING = YES;
				CLANG_WARN_BOOL_CONVERSION = YES;
				CLANG_WARN_COMMA = YES;
				CLANG_WARN_CONSTANT_CONVERSION = YES;
				CLANG_WARN_DEPRECATED_OBJC_IMPLEMENTATIONS = YES;
				CLANG_WARN_DIRECT_OBJC_ISA_USAGE = YES_ERROR;
				CLANG_WARN_DOCUMENTATION_COMMENTS = YES;
				CLANG_WARN_EMPTY_BODY = YES;
				CLANG_WARN_ENUM_CONVERSION = YES;
				CLANG_WARN_INFINITE_RECURSION = YES;
				CLANG_WARN_INT_CONVERSION = YES;
				CLANG_WARN_NON_LITERAL_NULL_CONVERSION = YES;
				CLANG_WARN_OBJC_IMPLICIT_RETAIN_SELF = YES;
				CLANG_WARN_OBJC_LITERAL_CONVERSION = YES;
				CLANG_WARN_OBJC_ROOT_CLASS = YES_ERROR;
				CLANG_WARN_RANGE_LOOP_ANALYSIS = YES;
				CLANG_WARN_STRICT_PROTOTYPES = YES;
				CLANG_WARN_SUSPICIOUS_MOVE = YES;
				CLANG_WARN_UNGUARDED_AVAILABILITY = YES_AGGRESSIVE;
				CLANG_WARN_UNREACHABLE_CODE = YES;
				CLANG_WARN__DUPLICATE_METHOD_MATCH = YES;
				CODE_SIGN_IDENTITY = "iPhone Developer";
				COPY_PHASE_STRIP = NO;
				DEBUG_INFORMATION_FORMAT = dwarf;
				ENABLE_STRICT_OBJC_MSGSEND = YES;
				ENABLE_TESTABILITY = YES;
				GCC_C_LANGUAGE_STANDARD = gnu11;
				GCC_DYNAMIC_NO_PIC = NO;
				GCC_NO_COMMON_BLOCKS = YES;
				GCC_OPTIMIZATION_LEVEL = 0;
				GCC_PREPROCESSOR_DEFINITIONS = (
					"DEBUG=1",
					"$(inherited)",
				);
				GCC_WARN_64_TO_32_BIT_CONVERSION = YES;
				GCC_WARN_ABOUT_RETURN_TYPE = YES_ERROR;
				GCC_WARN_UNDECLARED_SELECTOR = YES;
				GCC_WARN_UNINITIALIZED_AUTOS = YES_AGGRESSIVE;
				GCC_WARN_UNUSED_FUNCTION = YES;
				GCC_WARN_UNUSED_VARIABLE = YES;
				IPHONEOS_DEPLOYMENT_TARGET = 12.2;
				MTL_ENABLE_DEBUG_INFO = INCLUDE_SOURCE;
				MTL_FAST_MATH = YES;
				ONLY_ACTIVE_ARCH = YES;
				SDKROOT = iphoneos;
				SWIFT_ACTIVE_COMPILATION_CONDITIONS = DEBUG;
				SWIFT_OPTIMIZATION_LEVEL = "-Onone";
			};
			name = Debug;
		};
		92C3080823278E12008F9979 /* Release */ = {
			isa = XCBuildConfiguration;
			buildSettings = {
				ALWAYS_SEARCH_USER_PATHS = NO;
				CLANG_ANALYZER_NONNULL = YES;
				CLANG_ANALYZER_NUMBER_OBJECT_CONVERSION = YES_AGGRESSIVE;
				CLANG_CXX_LANGUAGE_STANDARD = "gnu++14";
				CLANG_CXX_LIBRARY = "libc++";
				CLANG_ENABLE_MODULES = YES;
				CLANG_ENABLE_OBJC_ARC = YES;
				CLANG_ENABLE_OBJC_WEAK = YES;
				CLANG_WARN_BLOCK_CAPTURE_AUTORELEASING = YES;
				CLANG_WARN_BOOL_CONVERSION = YES;
				CLANG_WARN_COMMA = YES;
				CLANG_WARN_CONSTANT_CONVERSION = YES;
				CLANG_WARN_DEPRECATED_OBJC_IMPLEMENTATIONS = YES;
				CLANG_WARN_DIRECT_OBJC_ISA_USAGE = YES_ERROR;
				CLANG_WARN_DOCUMENTATION_COMMENTS = YES;
				CLANG_WARN_EMPTY_BODY = YES;
				CLANG_WARN_ENUM_CONVERSION = YES;
				CLANG_WARN_INFINITE_RECURSION = YES;
				CLANG_WARN_INT_CONVERSION = YES;
				CLANG_WARN_NON_LITERAL_NULL_CONVERSION = YES;
				CLANG_WARN_OBJC_IMPLICIT_RETAIN_SELF = YES;
				CLANG_WARN_OBJC_LITERAL_CONVERSION = YES;
				CLANG_WARN_OBJC_ROOT_CLASS = YES_ERROR;
				CLANG_WARN_RANGE_LOOP_ANALYSIS = YES;
				CLANG_WARN_STRICT_PROTOTYPES = YES;
				CLANG_WARN_SUSPICIOUS_MOVE = YES;
				CLANG_WARN_UNGUARDED_AVAILABILITY = YES_AGGRESSIVE;
				CLANG_WARN_UNREACHABLE_CODE = YES;
				CLANG_WARN__DUPLICATE_METHOD_MATCH = YES;
				CODE_SIGN_IDENTITY = "iPhone Developer";
				COPY_PHASE_STRIP = NO;
				DEBUG_INFORMATION_FORMAT = "dwarf-with-dsym";
				ENABLE_NS_ASSERTIONS = NO;
				ENABLE_STRICT_OBJC_MSGSEND = YES;
				GCC_C_LANGUAGE_STANDARD = gnu11;
				GCC_NO_COMMON_BLOCKS = YES;
				GCC_WARN_64_TO_32_BIT_CONVERSION = YES;
				GCC_WARN_ABOUT_RETURN_TYPE = YES_ERROR;
				GCC_WARN_UNDECLARED_SELECTOR = YES;
				GCC_WARN_UNINITIALIZED_AUTOS = YES_AGGRESSIVE;
				GCC_WARN_UNUSED_FUNCTION = YES;
				GCC_WARN_UNUSED_VARIABLE = YES;
				IPHONEOS_DEPLOYMENT_TARGET = 12.2;
				MTL_ENABLE_DEBUG_INFO = NO;
				MTL_FAST_MATH = YES;
				SDKROOT = iphoneos;
				SWIFT_COMPILATION_MODE = wholemodule;
				SWIFT_OPTIMIZATION_LEVEL = "-O";
				VALIDATE_PRODUCT = YES;
			};
			name = Release;
		};
		92C3080A23278E12008F9979 /* Debug */ = {
			isa = XCBuildConfiguration;
			buildSettings = {
				ALWAYS_EMBED_SWIFT_STANDARD_LIBRARIES = YES;
				ASSETCATALOG_COMPILER_APPICON_NAME = AppIcon;
				CODE_SIGN_ENTITLEMENTS = PushDemo/PushDemo.entitlements;
				CODE_SIGN_STYLE = Automatic;
				DEVELOPMENT_TEAM = C9SZZW8D98;
				INFOPLIST_FILE = PushDemo/Info.plist;
				LD_RUNPATH_SEARCH_PATHS = (
					"$(inherited)",
					"@executable_path/Frameworks",
				);
				PRODUCT_BUNDLE_IDENTIFIER = com.jmedia.jmediaapp;
				PRODUCT_NAME = "$(TARGET_NAME)";
				SWIFT_VERSION = 5.0;
				TARGETED_DEVICE_FAMILY = "1,2";
			};
			name = Debug;
		};
		92C3080B23278E12008F9979 /* Release */ = {
			isa = XCBuildConfiguration;
			buildSettings = {
				ALWAYS_EMBED_SWIFT_STANDARD_LIBRARIES = YES;
				ASSETCATALOG_COMPILER_APPICON_NAME = AppIcon;
				CODE_SIGN_ENTITLEMENTS = PushDemo/PushDemo.entitlements;
				CODE_SIGN_STYLE = Automatic;
				DEVELOPMENT_TEAM = C9SZZW8D98;
				INFOPLIST_FILE = PushDemo/Info.plist;
				LD_RUNPATH_SEARCH_PATHS = (
					"$(inherited)",
					"@executable_path/Frameworks",
				);
				PRODUCT_BUNDLE_IDENTIFIER = com.jmedia.jmediaapp;
				PRODUCT_NAME = "$(TARGET_NAME)";
				SWIFT_VERSION = 5.0;
				TARGETED_DEVICE_FAMILY = "1,2";
			};
			name = Release;
		};
		92C3081D2327D094008F9979 /* Debug */ = {
			isa = XCBuildConfiguration;
			buildSettings = {
				CODE_SIGN_STYLE = Automatic;
				DEVELOPMENT_TEAM = C9SZZW8D98;
				INFOPLIST_FILE = Service/Info.plist;
				LD_RUNPATH_SEARCH_PATHS = (
					"$(inherited)",
					"@executable_path/Frameworks",
					"@executable_path/../../Frameworks",
				);
				PRODUCT_BUNDLE_IDENTIFIER = com.jmedia.jmediaapp.Service;
				PRODUCT_NAME = "$(TARGET_NAME)";
				SKIP_INSTALL = YES;
				SWIFT_VERSION = 5.0;
				TARGETED_DEVICE_FAMILY = "1,2";
			};
			name = Debug;
		};
		92C3081E2327D094008F9979 /* Release */ = {
			isa = XCBuildConfiguration;
			buildSettings = {
				CODE_SIGN_STYLE = Automatic;
				DEVELOPMENT_TEAM = C9SZZW8D98;
				INFOPLIST_FILE = Service/Info.plist;
				LD_RUNPATH_SEARCH_PATHS = (
					"$(inherited)",
					"@executable_path/Frameworks",
					"@executable_path/../../Frameworks",
				);
				PRODUCT_BUNDLE_IDENTIFIER = com.jmedia.jmediaapp.Service;
				PRODUCT_NAME = "$(TARGET_NAME)";
				SKIP_INSTALL = YES;
				SWIFT_VERSION = 5.0;
				TARGETED_DEVICE_FAMILY = "1,2";
			};
			name = Release;
		};
		92C308352327D0A9008F9979 /* Debug */ = {
			isa = XCBuildConfiguration;
			buildSettings = {
				CODE_SIGN_STYLE = Automatic;
				DEVELOPMENT_TEAM = C9SZZW8D98;
				INFOPLIST_FILE = Content/Info.plist;
				LD_RUNPATH_SEARCH_PATHS = (
					"$(inherited)",
					"@executable_path/Frameworks",
					"@executable_path/../../Frameworks",
				);
				PRODUCT_BUNDLE_IDENTIFIER = com.jmedia.jmediaapp.Content;
				PRODUCT_NAME = "$(TARGET_NAME)";
				SKIP_INSTALL = YES;
				SWIFT_VERSION = 5.0;
				TARGETED_DEVICE_FAMILY = "1,2";
			};
			name = Debug;
		};
		92C308362327D0A9008F9979 /* Release */ = {
			isa = XCBuildConfiguration;
			buildSettings = {
				CODE_SIGN_STYLE = Automatic;
				DEVELOPMENT_TEAM = C9SZZW8D98;
				INFOPLIST_FILE = Content/Info.plist;
				LD_RUNPATH_SEARCH_PATHS = (
					"$(inherited)",
					"@executable_path/Frameworks",
					"@executable_path/../../Frameworks",
				);
				PRODUCT_BUNDLE_IDENTIFIER = com.jmedia.jmediaapp.Content;
				PRODUCT_NAME = "$(TARGET_NAME)";
				SKIP_INSTALL = YES;
				SWIFT_VERSION = 5.0;
				TARGETED_DEVICE_FAMILY = "1,2";
			};
			name = Release;
		};
/* End XCBuildConfiguration section */

/* Begin XCConfigurationList section */
		92C307EF23278E12008F9979 /* Build configuration list for PBXProject "PushDemo" */ = {
			isa = XCConfigurationList;
			buildConfigurations = (
				92C3080723278E12008F9979 /* Debug */,
				92C3080823278E12008F9979 /* Release */,
			);
			defaultConfigurationIsVisible = 0;
			defaultConfigurationName = Release;
		};
		92C3080923278E12008F9979 /* Build configuration list for PBXNativeTarget "PushDemo" */ = {
			isa = XCConfigurationList;
			buildConfigurations = (
				92C3080A23278E12008F9979 /* Debug */,
				92C3080B23278E12008F9979 /* Release */,
			);
			defaultConfigurationIsVisible = 0;
			defaultConfigurationName = Release;
		};
		92C3081C2327D094008F9979 /* Build configuration list for PBXNativeTarget "Service" */ = {
			isa = XCConfigurationList;
			buildConfigurations = (
				92C3081D2327D094008F9979 /* Debug */,
				92C3081E2327D094008F9979 /* Release */,
			);
			defaultConfigurationIsVisible = 0;
			defaultConfigurationName = Release;
		};
		92C308342327D0A9008F9979 /* Build configuration list for PBXNativeTarget "Content" */ = {
			isa = XCConfigurationList;
			buildConfigurations = (
				92C308352327D0A9008F9979 /* Debug */,
				92C308362327D0A9008F9979 /* Release */,
			);
			defaultConfigurationIsVisible = 0;
			defaultConfigurationName = Release;
		};
/* End XCConfigurationList section */

/* Begin XCVersionGroup section */
		92C307FE23278E12008F9979 /* PushDemo.xcdatamodeld */ = {
			isa = XCVersionGroup;
			children = (
				92C307FF23278E12008F9979 /* PushDemo.xcdatamodel */,
			);
			currentVersion = 92C307FF23278E12008F9979 /* PushDemo.xcdatamodel */;
			path = PushDemo.xcdatamodeld;
			sourceTree = "<group>";
			versionGroupType = wrapper.xcdatamodel;
		};
/* End XCVersionGroup section */
	};
	rootObject = 92C307EC23278E12008F9979 /* Project object */;
}
